
Microsoft Visual Studio Solution File, Format Version 12.00
# Visual Studio Version 16
VisualStudioVersion = 16.0.30717.126
MinimumVisualStudioVersion = 10.0.40219.1
Project("{9A19103F-16F7-4668-BE54-9A1E7A4F7556}") = "Carworld_UI", "Carworld_UI\Carworld_UI.csproj", "{C4B9399E-ED28-473E-882D-F225654660AC}"
EndProject
Project("{9A19103F-16F7-4668-BE54-9A1E7A4F7556}") = "Carworld_Logic", "Carworld_Logic\Carworld_Logic.csproj", "{0BD2686B-2ECC-4F06-8974-1BA28A4281F1}"
EndProject
Project("{9A19103F-16F7-4668-BE54-9A1E7A4F7556}") = "Carworld_DAL", "Carworld_DAL\Carworld_DAL.csproj", "{09750BA4-6934-4230-961F-05BA8D57D97F}"
EndProject
Project("{9A19103F-16F7-4668-BE54-9A1E7A4F7556}") = "Carworld_ContractLayer", "Carworld_ContractLayer\Carworld_ContractLayer.csproj", "{37638042-C3E2-4711-BD96-CB4440863E1E}"
EndProject
Project("{9A19103F-16F7-4668-BE54-9A1E7A4F7556}") = "Carworld_FactoryDAL", "Carworld_FactoryDAL\Carworld_FactoryDAL.csproj", "{FBACF7B6-8C8D-4EB9-BD14-DD5DB843C9E6}"
EndProject
Project("{9A19103F-16F7-4668-BE54-9A1E7A4F7556}") = "Carworld_UnitTests", "Carworld_UnitTests\Carworld_UnitTests.csproj", "{7133201A-62F0-4730-A92D-2DF9E735ABBB}"
EndProject
Global
	GlobalSection(SolutionConfigurationPlatforms) = preSolution
		Debug|Any CPU = Debug|Any CPU
		Release|Any CPU = Release|Any CPU
	EndGlobalSection
	GlobalSection(ProjectConfigurationPlatforms) = postSolution
		{C4B9399E-ED28-473E-882D-F225654660AC}.Debug|Any CPU.ActiveCfg = Debug|Any CPU
		{C4B9399E-ED28-473E-882D-F225654660AC}.Debug|Any CPU.Build.0 = Debug|Any CPU
		{C4B9399E-ED28-473E-882D-F225654660AC}.Release|Any CPU.ActiveCfg = Release|Any CPU
		{C4B9399E-ED28-473E-882D-F225654660AC}.Release|Any CPU.Build.0 = Release|Any CPU
		{0BD2686B-2ECC-4F06-8974-1BA28A4281F1}.Debug|Any CPU.ActiveCfg = Debug|Any CPU
		{0BD2686B-2ECC-4F06-8974-1BA28A4281F1}.Debug|Any CPU.Build.0 = Debug|Any CPU
		{0BD2686B-2ECC-4F06-8974-1BA28A4281F1}.Release|Any CPU.ActiveCfg = Release|Any CPU
		{0BD2686B-2ECC-4F06-8974-1BA28A4281F1}.Release|Any CPU.Build.0 = Release|Any CPU
		{09750BA4-6934-4230-961F-05BA8D57D97F}.Debug|Any CPU.ActiveCfg = Debug|Any CPU
		{09750BA4-6934-4230-961F-05BA8D57D97F}.Debug|Any CPU.Build.0 = Debug|Any CPU
		{09750BA4-6934-4230-961F-05BA8D57D97F}.Release|Any CPU.ActiveCfg = Release|Any CPU
		{09750BA4-6934-4230-961F-05BA8D57D97F}.Release|Any CPU.Build.0 = Release|Any CPU
		{37638042-C3E2-4711-BD96-CB4440863E1E}.Debug|Any CPU.ActiveCfg = Debug|Any CPU
		{37638042-C3E2-4711-BD96-CB4440863E1E}.Debug|Any CPU.Build.0 = Debug|Any CPU
		{37638042-C3E2-4711-BD96-CB4440863E1E}.Release|Any CPU.ActiveCfg = Release|Any CPU
		{37638042-C3E2-4711-BD96-CB4440863E1E}.Release|Any CPU.Build.0 = Release|Any CPU
		{FBACF7B6-8C8D-4EB9-BD14-DD5DB843C9E6}.Debug|Any CPU.ActiveCfg = Debug|Any CPU
		{FBACF7B6-8C8D-4EB9-BD14-DD5DB843C9E6}.Debug|Any CPU.Build.0 = Debug|Any CPU
		{FBACF7B6-8C8D-4EB9-BD14-DD5DB843C9E6}.Release|Any CPU.ActiveCfg = Release|Any CPU
		{FBACF7B6-8C8D-4EB9-BD14-DD5DB843C9E6}.Release|Any CPU.Build.0 = Release|Any CPU
		{7133201A-62F0-4730-A92D-2DF9E735ABBB}.Debug|Any CPU.ActiveCfg = Debug|Any CPU
		{7133201A-62F0-4730-A92D-2DF9E735ABBB}.Debug|Any CPU.Build.0 = Debug|Any CPU
		{7133201A-62F0-4730-A92D-2DF9E735ABBB}.Release|Any CPU.ActiveCfg = Release|Any CPU
		{7133201A-62F0-4730-A92D-2DF9E735ABBB}.Release|Any CPU.Build.0 = Release|Any CPU
	EndGlobalSection
	GlobalSection(SolutionProperties) = preSolution
		HideSolutionNode = FALSE
	EndGlobalSection
	GlobalSection(ExtensibilityGlobals) = postSolution
		SolutionGuid = {EF52C565-4C17-4B23-A039-85ABB085F121}
	EndGlobalSection
EndGlobal
